// !$*UTF8*$!
{
	archiveVersion = 1;
	classes = {
	};
	objectVersion = 50;
	objects = {

/* Begin PBXBuildFile section */
		91A81F8725AEA1EC00FC6217 /* AppDelegate.swift in Sources */ = {isa = PBXBuildFile; fileRef = 91A81F8625AEA1EC00FC6217 /* AppDelegate.swift */; };
		91A81F8925AEA1EC00FC6217 /* SceneDelegate.swift in Sources */ = {isa = PBXBuildFile; fileRef = 91A81F8825AEA1EC00FC6217 /* SceneDelegate.swift */; };
		91A81F8B25AEA1EC00FC6217 /* ViewController.swift in Sources */ = {isa = PBXBuildFile; fileRef = 91A81F8A25AEA1EC00FC6217 /* ViewController.swift */; };
		91A81F8E25AEA1EC00FC6217 /* Main.storyboard in Resources */ = {isa = PBXBuildFile; fileRef = 91A81F8C25AEA1EC00FC6217 /* Main.storyboard */; };
		91A81F9125AEA1EC00FC6217 /* UeeraniApp.xcdatamodeld in Sources */ = {isa = PBXBuildFile; fileRef = 91A81F8F25AEA1EC00FC6217 /* UeeraniApp.xcdatamodeld */; };
		91A81F9325AEA1EF00FC6217 /* Assets.xcassets in Resources */ = {isa = PBXBuildFile; fileRef = 91A81F9225AEA1EF00FC6217 /* Assets.xcassets */; };
		91A81F9625AEA1EF00FC6217 /* LaunchScreen.storyboard in Resources */ = {isa = PBXBuildFile; fileRef = 91A81F9425AEA1EF00FC6217 /* LaunchScreen.storyboard */; };
/* End PBXBuildFile section */

/* Begin PBXFileReference section */
		91A81F8325AEA1EC00FC6217 /* UeeraniApp.app */ = {isa = PBXFileReference; explicitFileType = wrapper.application; includeInIndex = 0; path = UeeraniApp.app; sourceTree = BUILT_PRODUCTS_DIR; };
		91A81F8625AEA1EC00FC6217 /* AppDelegate.swift */ = {isa = PBXFileReference; lastKnownFileType = sourcecode.swift; path = AppDelegate.swift; sourceTree = "<group>"; };
		91A81F8825AEA1EC00FC6217 /* SceneDelegate.swift */ = {isa = PBXFileReference; lastKnownFileType = sourcecode.swift; path = SceneDelegate.swift; sourceTree = "<group>"; };
		91A81F8A25AEA1EC00FC6217 /* ViewController.swift */ = {isa = PBXFileReference; lastKnownFileType = sourcecode.swift; path = ViewController.swift; sourceTree = "<group>"; };
		91A81F8D25AEA1EC00FC6217 /* Base */ = {isa = PBXFileReference; lastKnownFileType = file.storyboard; name = Base; path = Base.lproj/Main.storyboard; sourceTree = "<group>"; };
		91A81F9025AEA1EC00FC6217 /* UeeraniApp.xcdatamodel */ = {isa = PBXFileReference; lastKnownFileType = wrapper.xcdatamodel; path = UeeraniApp.xcdatamodel; sourceTree = "<group>"; };
		91A81F9225AEA1EF00FC6217 /* Assets.xcassets */ = {isa = PBXFileReference; lastKnownFileType = folder.assetcatalog; path = Assets.xcassets; sourceTree = "<group>"; };
		91A81F9525AEA1EF00FC6217 /* Base */ = {isa = PBXFileReference; lastKnownFileType = file.storyboard; name = Base; path = Base.lproj/LaunchScreen.storyboard; sourceTree = "<group>"; };
		91A81F9725AEA1EF00FC6217 /* Info.plist */ = {isa = PBXFileReference; lastKnownFileType = text.plist.xml; path = Info.plist; sourceTree = "<group>"; };
/* End PBXFileReference section */

/* Begin PBXFrameworksBuildPhase section */
		91A81F8025AEA1EC00FC6217 /* Frameworks */ = {
			isa = PBXFrameworksBuildPhase;
			buildActionMask = 2147483647;
			files = (
			);
			runOnlyForDeploymentPostprocessing = 0;
		};
/* End PBXFrameworksBuildPhase section */

/* Begin PBXGroup section */
		91A81F7A25AEA1EC00FC6217 = {
			isa = PBXGroup;
			children = (
				91A81F8525AEA1EC00FC6217 /* UeeraniApp */,
				91A81F8425AEA1EC00FC6217 /* Products */,
			);
			sourceTree = "<group>";
		};
		91A81F8425AEA1EC00FC6217 /* Products */ = {
			isa = PBXGroup;
			children = (
				91A81F8325AEA1EC00FC6217 /* UeeraniApp.app */,
			);
			name = Products;
			sourceTree = "<group>";
		};
		91A81F8525AEA1EC00FC6217 /* UeeraniApp */ = {
			isa = PBXGroup;
			children = (
				91A81F8625AEA1EC00FC6217 /* AppDelegate.swift */,
				91A81F8825AEA1EC00FC6217 /* SceneDelegate.swift */,
				91A81F8A25AEA1EC00FC6217 /* ViewController.swift */,
				91A81F8C25AEA1EC00FC6217 /* Main.storyboard */,
				91A81F9225AEA1EF00FC6217 /* Assets.xcassets */,
				91A81F9425AEA1EF00FC6217 /* LaunchScreen.storyboard */,
				91A81F9725AEA1EF00FC6217 /* Info.plist */,
				91A81F8F25AEA1EC00FC6217 /* UeeraniApp.xcdatamodeld */,
			);
			path = UeeraniApp;
			sourceTree = "<group>";
		};
/* End PBXGroup section */

/* Begin PBXNativeTarget section */
		91A81F8225AEA1EC00FC6217 /* UeeraniApp */ = {
			isa = PBXNativeTarget;
			buildConfigurationList = 91A81F9A25AEA1EF00FC6217 /* Build configuration list for PBXNativeTarget "UeeraniApp" */;
			buildPhases = (
				91A81F7F25AEA1EC00FC6217 /* Sources */,
				91A81F8025AEA1EC00FC6217 /* Frameworks */,
				91A81F8125AEA1EC00FC6217 /* Resources */,
			);
			buildRules = (
			);
			dependencies = (
			);
			name = UeeraniApp;
			productName = UeeraniApp;
			productReference = 91A81F8325AEA1EC00FC6217 /* UeeraniApp.app */;
			productType = "com.apple.product-type.application";
		};
/* End PBXNativeTarget section */

/* Begin PBXProject section */
		91A81F7B25AEA1EC00FC6217 /* Project object */ = {
			isa = PBXProject;
			attributes = {
				LastSwiftUpdateCheck = 1230;
				LastUpgradeCheck = 1230;
				TargetAttributes = {
					91A81F8225AEA1EC00FC6217 = {
						CreatedOnToolsVersion = 12.3;
					};
				};
			};
			buildConfigurationList = 91A81F7E25AEA1EC00FC6217 /* Build configuration list for PBXProject "UeeraniApp" */;
			compatibilityVersion = "Xcode 9.3";
			developmentRegion = en;
			hasScannedForEncodings = 0;
			knownRegions = (
				en,
				Base,
			);
			mainGroup = 91A81F7A25AEA1EC00FC6217;
			productRefGroup = 91A81F8425AEA1EC00FC6217 /* Products */;
			projectDirPath = "";
			projectRoot = "";
			targets = (
				91A81F8225AEA1EC00FC6217 /* UeeraniApp */,
			);
		};
/* End PBXProject section */

/* Begin PBXResourcesBuildPhase section */
		91A81F8125AEA1EC00FC6217 /* Resources */ = {
			isa = PBXResourcesBuildPhase;
			buildActionMask = 2147483647;
			files = (
				91A81F9625AEA1EF00FC6217 /* LaunchScreen.storyboard in Resources */,
				91A81F9325AEA1EF00FC6217 /* Assets.xcassets in Resources */,
				91A81F8E25AEA1EC00FC6217 /* Main.storyboard in Resources */,
			);
			runOnlyForDeploymentPostprocessing = 0;
		};
/* End PBXResourcesBuildPhase section */

/* Begin PBXSourcesBuildPhase section */
		91A81F7F25AEA1EC00FC6217 /* Sources */ = {
			isa = PBXSourcesBuildPhase;
			buildActionMask = 2147483647;
			files = (
				91A81F8B25AEA1EC00FC6217 /* ViewController.swift in Sources */,
				91A81F9125AEA1EC00FC6217 /* UeeraniApp.xcdatamodeld in Sources */,
				91A81F8725AEA1EC00FC6217 /* AppDelegate.swift in Sources */,
				91A81F8925AEA1EC00FC6217 /* SceneDelegate.swift in Sources */,
			);
			runOnlyForDeploymentPostprocessing = 0;
		};
/* End PBXSourcesBuildPhase section */

/* Begin PBXVariantGroup section */
		91A81F8C25AEA1EC00FC6217 /* Main.storyboard */ = {
			isa = PBXVariantGroup;
			children = (
				91A81F8D25AEA1EC00FC6217 /* Base */,
			);
			name = Main.storyboard;
			sourceTree = "<group>";
		};
		91A81F9425AEA1EF00FC6217 /* LaunchScreen.storyboard */ = {
			isa = PBXVariantGroup;
			children = (
				91A81F9525AEA1EF00FC6217 /* Base */,
			);
			name = LaunchScreen.storyboard;
			sourceTree = "<group>";
		};
/* End PBXVariantGroup section */

/* Begin XCBuildConfiguration section */
		91A81F9825AEA1EF00FC6217 /* Debug */ = {
			isa = XCBuildConfiguration;
			buildSettings = {
				ALWAYS_SEARCH_USER_PATHS = NO;
				CLANG_ANALYZER_NONNULL = YES;
				CLANG_ANALYZER_NUMBER_OBJECT_CONVERSION = YES_AGGRESSIVE;
				CLANG_CXX_LANGUAGE_STANDARD = "gnu++14";
				CLANG_CXX_LIBRARY = "libc++";
				CLANG_ENABLE_MODULES = YES;
				CLANG_ENABLE_OBJC_ARC = YES;
				CLANG_ENABLE_OBJC_WEAK = YES;
				CLANG_WARN_BLOCK_CAPTURE_AUTORELEASING = YES;
				CLANG_WARN_BOOL_CONVERSION = YES;
				CLANG_WARN_COMMA = YES;
				CLANG_WARN_CONSTANT_CONVERSION = YES;
				CLANG_WARN_DEPRECATED_OBJC_IMPLEMENTATIONS = YES;
				CLANG_WARN_DIRECT_OBJC_ISA_USAGE = YES_ERROR;
				CLANG_WARN_DOCUMENTATION_COMMENTS = YES;
				CLANG_WARN_EMPTY_BODY = YES;
				CLANG_WARN_ENUM_CONVERSION = YES;
				CLANG_WARN_INFINITE_RECURSION = YES;
				CLANG_WARN_INT_CONVERSION = YES;
				CLANG_WARN_NON_LITERAL_NULL_CONVERSION = YES;
				CLANG_WARN_OBJC_IMPLICIT_RETAIN_SELF = YES;
				CLANG_WARN_OBJC_LITERAL_CONVERSION = YES;
				CLANG_WARN_OBJC_ROOT_CLASS = YES_ERROR;
				CLANG_WARN_QUOTED_INCLUDE_IN_FRAMEWORK_HEADER = YES;
				CLANG_WARN_RANGE_LOOP_ANALYSIS = YES;
				CLANG_WARN_STRICT_PROTOTYPES = YES;
				CLANG_WARN_SUSPICIOUS_MOVE = YES;
				CLANG_WARN_UNGUARDED_AVAILABILITY = YES_AGGRESSIVE;
				CLANG_WARN_UNREACHABLE_CODE = YES;
				CLANG_WARN__DUPLICATE_METHOD_MATCH = YES;
				COPY_PHASE_STRIP = NO;
				DEBUG_INFORMATION_FORMAT = dwarf;
				ENABLE_STRICT_OBJC_MSGSEND = YES;
				ENABLE_TESTABILITY = YES;
				GCC_C_LANGUAGE_STANDARD = gnu11;
				GCC_DYNAMIC_NO_PIC = NO;
				GCC_NO_COMMON_BLOCKS = YES;
				GCC_OPTIMIZATION_LEVEL = 0;
				GCC_PREPROCESSOR_DEFINITIONS = (
					"DEBUG=1",
					"$(inherited)",
				);
				GCC_WARN_64_TO_32_BIT_CONVERSION = YES;
				GCC_WARN_ABOUT_RETURN_TYPE = YES_ERROR;
				GCC_WARN_UNDECLARED_SELECTOR = YES;
				GCC_WARN_UNINITIALIZED_AUTOS = YES_AGGRESSIVE;
				GCC_WARN_UNUSED_FUNCTION = YES;
				GCC_WARN_UNUSED_VARIABLE = YES;
				IPHONEOS_DEPLOYMENT_TARGET = 14.3;
				MTL_ENABLE_DEBUG_INFO = INCLUDE_SOURCE;
				MTL_FAST_MATH = YES;
				ONLY_ACTIVE_ARCH = YES;
				SDKROOT = iphoneos;
				SWIFT_ACTIVE_COMPILATION_CONDITIONS = DEBUG;
				SWIFT_OPTIMIZATION_LEVEL = "-Onone";
			};
			name = Debug;
		};
		91A81F9925AEA1EF00FC6217 /* Release */ = {
			isa = XCBuildConfiguration;
			buildSettings = {
				ALWAYS_SEARCH_USER_PATHS = NO;
				CLANG_ANALYZER_NONNULL = YES;
				CLANG_ANALYZER_NUMBER_OBJECT_CONVERSION = YES_AGGRESSIVE;
				CLANG_CXX_LANGUAGE_STANDARD = "gnu++14";
				CLANG_CXX_LIBRARY = "libc++";
				CLANG_ENABLE_MODULES = YES;
				CLANG_ENABLE_OBJC_ARC = YES;
				CLANG_ENABLE_OBJC_WEAK = YES;
				CLANG_WARN_BLOCK_CAPTURE_AUTORELEASING = YES;
				CLANG_WARN_BOOL_CONVERSION = YES;
				CLANG_WARN_COMMA = YES;
				CLANG_WARN_CONSTANT_CONVERSION = YES;
				CLANG_WARN_DEPRECATED_OBJC_IMPLEMENTATIONS = YES;
				CLANG_WARN_DIRECT_OBJC_ISA_USAGE = YES_ERROR;
				CLANG_WARN_DOCUMENTATION_COMMENTS = YES;
				CLANG_WARN_EMPTY_BODY = YES;
				CLANG_WARN_ENUM_CONVERSION = YES;
				CLANG_WARN_INFINITE_RECURSION = YES;
				CLANG_WARN_INT_CONVERSION = YES;
				CLANG_WARN_NON_LITERAL_NULL_CONVERSION = YES;
				CLANG_WARN_OBJC_IMPLICIT_RETAIN_SELF = YES;
				CLANG_WARN_OBJC_LITERAL_CONVERSION = YES;
				CLANG_WARN_OBJC_ROOT_CLASS = YES_ERROR;
				CLANG_WARN_QUOTED_INCLUDE_IN_FRAMEWORK_HEADER = YES;
				CLANG_WARN_RANGE_LOOP_ANALYSIS = YES;
				CLANG_WARN_STRICT_PROTOTYPES = YES;
				CLANG_WARN_SUSPICIOUS_MOVE = YES;
				CLANG_WARN_UNGUARDED_AVAILABILITY = YES_AGGRESSIVE;
				CLANG_WARN_UNREACHABLE_CODE = YES;
				CLANG_WARN__DUPLICATE_METHOD_MATCH = YES;
				COPY_PHASE_STRIP = NO;
				DEBUG_INFORMATION_FORMAT = "dwarf-with-dsym";
				ENABLE_NS_ASSERTIONS = NO;
				ENABLE_STRICT_OBJC_MSGSEND = YES;
				GCC_C_LANGUAGE_STANDARD = gnu11;
				GCC_NO_COMMON_BLOCKS = YES;
				GCC_WARN_64_TO_32_BIT_CONVERSION = YES;
				GCC_WARN_ABOUT_RETURN_TYPE = YES_ERROR;
				GCC_WARN_UNDECLARED_SELECTOR = YES;
				GCC_WARN_UNINITIALIZED_AUTOS = YES_AGGRESSIVE;
				GCC_WARN_UNUSED_FUNCTION = YES;
				GCC_WARN_UNUSED_VARIABLE = YES;
				IPHONEOS_DEPLOYMENT_TARGET = 14.3;
				MTL_ENABLE_DEBUG_INFO = NO;
				MTL_FAST_MATH = YES;
				SDKROOT = iphoneos;
				SWIFT_COMPILATION_MODE = wholemodule;
				SWIFT_OPTIMIZATION_LEVEL = "-O";
				VALIDATE_PRODUCT = YES;
			};
			name = Release;
		};
		91A81F9B25AEA1EF00FC6217 /* Debug */ = {
			isa = XCBuildConfiguration;
			buildSettings = {
				ASSETCATALOG_COMPILER_APPICON_NAME = AppIcon;
				ASSETCATALOG_COMPILER_GLOBAL_ACCENT_COLOR_NAME = AccentColor;
				CODE_SIGN_STYLE = Automatic;
				DEVELOPMENT_TEAM = T93K8PW7N6;
				INFOPLIST_FILE = UeeraniApp/Info.plist;
				LD_RUNPATH_SEARCH_PATHS = (
					"$(inherited)",
					"@executable_path/Frameworks",
				);
				PRODUCT_BUNDLE_IDENTIFIER = rosario.UeeraniApp;
				PRODUCT_NAME = "$(TARGET_NAME)";
				SWIFT_VERSION = 5.0;
				TARGETED_DEVICE_FAMILY = "1,2";
			};
			name = Debug;
		};
		91A81F9C25AEA1EF00FC6217 /* Release */ = {
			isa = XCBuildConfiguration;
			buildSettings = {
				ASSETCATALOG_COMPILER_APPICON_NAME = AppIcon;
				ASSETCATALOG_COMPILER_GLOBAL_ACCENT_COLOR_NAME = AccentColor;
				CODE_SIGN_STYLE = Automatic;
				DEVELOPMENT_TEAM = T93K8PW7N6;
				INFOPLIST_FILE = UeeraniApp/Info.plist;
				LD_RUNPATH_SEARCH_PATHS = (
					"$(inherited)",
					"@executable_path/Frameworks",
				);
				PRODUCT_BUNDLE_IDENTIFIER = rosario.UeeraniApp;
				PRODUCT_NAME = "$(TARGET_NAME)";
				SWIFT_VERSION = 5.0;
				TARGETED_DEVICE_FAMILY = "1,2";
			};
			name = Release;
		};
/* End XCBuildConfiguration section */

/* Begin XCConfigurationList section */
		91A81F7E25AEA1EC00FC6217 /* Build configuration list for PBXProject "UeeraniApp" */ = {
			isa = XCConfigurationList;
			buildConfigurations = (
				91A81F9825AEA1EF00FC6217 /* Debug */,
				91A81F9925AEA1EF00FC6217 /* Release */,
			);
			defaultConfigurationIsVisible = 0;
			defaultConfigurationName = Release;
		};
		91A81F9A25AEA1EF00FC6217 /* Build configuration list for PBXNativeTarget "UeeraniApp" */ = {
			isa = XCConfigurationList;
			buildConfigurations = (
				91A81F9B25AEA1EF00FC6217 /* Debug */,
				91A81F9C25AEA1EF00FC6217 /* Release */,
			);
			defaultConfigurationIsVisible = 0;
			defaultConfigurationName = Release;
		};
/* End XCConfigurationList section */

/* Begin XCVersionGroup section */
		91A81F8F25AEA1EC00FC6217 /* UeeraniApp.xcdatamodeld */ = {
			isa = XCVersionGroup;
			children = (
				91A81F9025AEA1EC00FC6217 /* UeeraniApp.xcdatamodel */,
			);
			currentVersion = 91A81F9025AEA1EC00FC6217 /* UeeraniApp.xcdatamodel */;
			path = UeeraniApp.xcdatamodeld;
			sourceTree = "<group>";
			versionGroupType = wrapper.xcdatamodel;
		};
/* End XCVersionGroup section */
	};
	rootObject = 91A81F7B25AEA1EC00FC6217 /* Project object */;
}
